
Microsoft Visual Studio Solution File, Format Version 12.00
# Visual Studio 15
VisualStudioVersion = 15.0.27130.2020
MinimumVisualStudioVersion = 10.0.40219.1
Project("{9A19103F-16F7-4668-BE54-9A1E7A4F7556}") = "Library", "Library\Library.csproj", "{66D28E41-43EA-481E-97F3-30FA31818F10}"
EndProject
Project("{FAE04EC0-301F-11D3-BF4B-00C04F79EFBC}") = "LibraryData", "LibraryData\LibraryData.csproj", "{356AE67C-DED6-4469-A6F7-F7615DFB2679}"
EndProject
Global
	GlobalSection(SolutionConfigurationPlatforms) = preSolution
		Debug|Any CPU = Debug|Any CPU
		Release|Any CPU = Release|Any CPU
	EndGlobalSection
	GlobalSection(ProjectConfigurationPlatforms) = postSolution
		{66D28E41-43EA-481E-97F3-30FA31818F10}.Debug|Any CPU.ActiveCfg = Debug|Any CPU
		{66D28E41-43EA-481E-97F3-30FA31818F10}.Debug|Any CPU.Build.0 = Debug|Any CPU
		{66D28E41-43EA-481E-97F3-30FA31818F10}.Release|Any CPU.ActiveCfg = Release|Any CPU
		{66D28E41-43EA-481E-97F3-30FA31818F10}.Release|Any CPU.Build.0 = Release|Any CPU
		{356AE67C-DED6-4469-A6F7-F7615DFB2679}.Debug|Any CPU.ActiveCfg = Debug|Any CPU
		{356AE67C-DED6-4469-A6F7-F7615DFB2679}.Debug|Any CPU.Build.0 = Debug|Any CPU
		{356AE67C-DED6-4469-A6F7-F7615DFB2679}.Release|Any CPU.ActiveCfg = Release|Any CPU
		{356AE67C-DED6-4469-A6F7-F7615DFB2679}.Release|Any CPU.Build.0 = Release|Any CPU
	EndGlobalSection
	GlobalSection(SolutionProperties) = preSolution
		HideSolutionNode = FALSE
	EndGlobalSection
	GlobalSection(ExtensibilityGlobals) = postSolution
		SolutionGuid = {45636BB5-2760-4968-AD56-9CF7358B544A}
	EndGlobalSection
EndGlobal
